
Microsoft Visual Studio Solution File, Format Version 12.00
# Visual Studio Version 17
VisualStudioVersion = 17.13.35828.75 d17.13
MinimumVisualStudioVersion = 10.0.40219.1
Project("{FAE04EC0-301F-11D3-BF4B-00C04F79EFBC}") = "ProyectoFinal_G8", "ProyectoFinal_G8\ProyectoFinal_G8.csproj", "{98FB0A75-9B3E-4C7C-8CDE-9B6829DC7C0B}"
EndProject
Global
	GlobalSection(SolutionConfigurationPlatforms) = preSolution
		Debug|Any CPU = Debug|Any CPU
		Release|Any CPU = Release|Any CPU
	EndGlobalSection
	GlobalSection(ProjectConfigurationPlatforms) = postSolution
		{98FB0A75-9B3E-4C7C-8CDE-9B6829DC7C0B}.Debug|Any CPU.ActiveCfg = Debug|Any CPU
		{98FB0A75-9B3E-4C7C-8CDE-9B6829DC7C0B}.Debug|Any CPU.Build.0 = Debug|Any CPU
		{98FB0A75-9B3E-4C7C-8CDE-9B6829DC7C0B}.Release|Any CPU.ActiveCfg = Release|Any CPU
		{98FB0A75-9B3E-4C7C-8CDE-9B6829DC7C0B}.Release|Any CPU.Build.0 = Release|Any CPU
	EndGlobalSection
	GlobalSection(SolutionProperties) = preSolution
		HideSolutionNode = FALSE
	EndGlobalSection
	GlobalSection(ExtensibilityGlobals) = postSolution
		SolutionGuid = {F2B80C7D-8261-4BA6-B3E8-DB538C9BF62E}
	EndGlobalSection
EndGlobal
